
Microsoft Visual Studio Solution File, Format Version 12.00
# Visual Studio Version 17
VisualStudioVersion = 17.9.34407.89
MinimumVisualStudioVersion = 10.0.40219.1
Project("{9A19103F-16F7-4668-BE54-9A1E7A4F7556}") = "SmartClinic", "SmartClinic\SmartClinic.csproj", "{F55E507C-A7C8-42EA-A7AE-79A6086048FE}"
EndProject
Global
	GlobalSection(SolutionConfigurationPlatforms) = preSolution
		Debug|Any CPU = Debug|Any CPU
		Release|Any CPU = Release|Any CPU
	EndGlobalSection
	GlobalSection(ProjectConfigurationPlatforms) = postSolution
		{F55E507C-A7C8-42EA-A7AE-79A6086048FE}.Debug|Any CPU.ActiveCfg = Debug|Any CPU
		{F55E507C-A7C8-42EA-A7AE-79A6086048FE}.Debug|Any CPU.Build.0 = Debug|Any CPU
		{F55E507C-A7C8-42EA-A7AE-79A6086048FE}.Release|Any CPU.ActiveCfg = Release|Any CPU
		{F55E507C-A7C8-42EA-A7AE-79A6086048FE}.Release|Any CPU.Build.0 = Release|Any CPU
	EndGlobalSection
	GlobalSection(SolutionProperties) = preSolution
		HideSolutionNode = FALSE
	EndGlobalSection
	GlobalSection(ExtensibilityGlobals) = postSolution
		SolutionGuid = {0858B33D-ACEE-47A1-AD7C-C766F53ED762}
	EndGlobalSection
EndGlobal
